{
  "name": "playwright-automation-framework",
  "version": "1.0.0",
  "lockfileVersion": 3,
  "requires": true,
  "packages": {
    "": {
      "name": "playwright-automation-framework",
      "version": "1.0.0",
      "license": "MIT",
      "devDependencies": {
        "@playwright/test": "^1.45.0",
        "@types/node": "^25.6.0",
        "dotenv": "^16.4.0",
        "typescript": "^5.9.3"
      },
      "engines": {
        "node": ">=18.0.0"
      }
    },
    "node_modules/@playwright/test": {
      "version": "1.59.1",
      "resolved": "https://powerbi.pkgs.visualstudio.com/_packaging/PowerBIClients/npm/registry/@playwright/test/-/test-1.59.1.tgz",
      "integrity": "sha1-XE046shKYVJ69GZgKuICd2haAtY=",
      "dev": true,
      "license": "Apache-2.0",
      "dependencies": {
        "playwright": "1.59.1"
      },
      "bin": {
        "playwright": "cli.js"
      },
      "engines": {
        "node": ">=18"
      }
    },
    "node_modules/@types/node": {
      "version": "25.6.0",
      "resolved": "https://powerbi.pkgs.visualstudio.com/_packaging/PowerBIClients/npm/registry/@types/node/-/node-25.6.0.tgz",
      "integrity": "sha1-Tgm62bRphx8tD2gUAZjL1xT07co=",
      "dev": true,
      "license": "MIT",
      "dependencies": {
        "undici-types": "~7.19.0"
      }
    },
    "node_modules/dotenv": {
      "version": "16.6.1",
      "resolved": "https://powerbi.pkgs.visualstudio.com/_packaging/PowerBIClients/npm/registry/dotenv/-/dotenv-16.6.1.tgz",
      "integrity": "sha1-dz8OaVJ6gxXHKF1e5zxEWdIKgCA=",
      "dev": true,
      "license": "BSD-2-Clause",
      "engines": {
        "node": ">=12"
      },
      "funding": {
        "url": "https://dotenvx.com"
      }
    },
    "node_modules/fsevents": {
      "version": "2.3.2",
      "resolved": "https://powerbi.pkgs.visualstudio.com/_packaging/PowerBIClients/npm/registry/fsevents/-/fsevents-2.3.2.tgz",
      "integrity": "sha1-ilJveLj99GI7cJ4Ll1xSwkwC/Ro=",
      "dev": true,
      "license": "MIT",
      "optional": true,
      "os": [
        "darwin"
      ],
      "engines": {
        "node": "^8.16.0 || ^10.6.0 || >=11.0.0"
      }
    },
    "node_modules/playwright": {
      "version": "1.59.1",
      "resolved": "https://powerbi.pkgs.visualstudio.com/_packaging/PowerBIClients/npm/registry/playwright/-/playwright-1.59.1.tgz",
      "integrity": "sha1-97DKYWN64lJkzsNw32cbvh82iko=",
      "dev": true,
      "license": "Apache-2.0",
      "dependencies": {
        "playwright-core": "1.59.1"
      },
      "bin": {
        "playwright": "cli.js"
      },
      "engines": {
        "node": ">=18"
      },
      "optionalDependencies": {
        "fsevents": "2.3.2"
      }
    },
    "node_modules/playwright-core": {
      "version": "1.59.1",
      "resolved": "https://powerbi.pkgs.visualstudio.com/_packaging/PowerBIClients/npm/registry/playwright-core/-/playwright-core-1.59.1.tgz",
      "integrity": "sha1-2KKyi8uPK9CO89+TsCroPIEyRLI=",
      "dev": true,
      "license": "Apache-2.0",
      "bin": {
        "playwright-core": "cli.js"
      },
      "engines": {
        "node": ">=18"
      }
    },
    "node_modules/typescript": {
      "version": "5.9.3",
      "resolved": "https://powerbi.pkgs.visualstudio.com/_packaging/PowerBIClients/npm/registry/typescript/-/typescript-5.9.3.tgz",
      "integrity": "sha1-W09Z4VMQqxeiFvXWz1PuR27eZw8=",
      "dev": true,
      "license": "Apache-2.0",
      "bin": {
        "tsc": "bin/tsc",
        "tsserver": "bin/tsserver"
      },
      "engines": {
        "node": ">=14.17"
      }
    },
    "node_modules/undici-types": {
      "version": "7.19.2",
      "resolved": "https://powerbi.pkgs.visualstudio.com/_packaging/PowerBIClients/npm/registry/undici-types/-/undici-types-7.19.2.tgz",
      "integrity": "sha1-G2f8JtDxV6DLo6WKW1weIna4uio=",
      "dev": true,
      "license": "MIT"
    }
  }
}
