{
  "name": "playwright-automation-framework",
  "version": "1.0.0",
  "lockfileVersion": 3,
  "requires": true,
  "packages": {
    "": {
      "name": "playwright-automation-framework",
      "version": "1.0.0",
      "license": "MIT",
      "devDependencies": {
        "@playwright/test": "^1.45.0",
        "@types/node": "^25.6.0",
        "dotenv": "^16.4.0",
        "tsx": "^4.21.0",
        "typescript": "^5.9.3"
      },
      "engines": {
        "node": ">=18.0.0"
      }
    },
    "node_modules/@esbuild/win32-x64": {
      "version": "0.27.7",
      "resolved": "https://powerbi.pkgs.visualstudio.com/_packaging/PowerBIClients/npm/registry/@esbuild/win32-x64/-/win32-x64-0.27.7.tgz",
      "integrity": "sha1-j+MLMIi4m0hzw6bMh1l645IMCos=",
      "cpu": [
        "x64"
      ],
      "dev": true,
      "license": "MIT",
      "optional": true,
      "os": [
        "win32"
      ],
      "engines": {
        "node": ">=18"
      }
    },
    "node_modules/@playwright/test": {
      "version": "1.59.1",
      "resolved": "https://powerbi.pkgs.visualstudio.com/_packaging/PowerBIClients/npm/registry/@playwright/test/-/test-1.59.1.tgz",
      "integrity": "sha1-XE046shKYVJ69GZgKuICd2haAtY=",
      "dev": true,
      "license": "Apache-2.0",
      "dependencies": {
        "playwright": "1.59.1"
      },
      "bin": {
        "playwright": "cli.js"
      },
      "engines": {
        "node": ">=18"
      }
    },
    "node_modules/@types/node": {
      "version": "25.6.0",
      "resolved": "https://powerbi.pkgs.visualstudio.com/_packaging/PowerBIClients/npm/registry/@types/node/-/node-25.6.0.tgz",
      "integrity": "sha1-Tgm62bRphx8tD2gUAZjL1xT07co=",
      "dev": true,
      "license": "MIT",
      "dependencies": {
        "undici-types": "~7.19.0"
      }
    },
    "node_modules/dotenv": {
      "version": "16.6.1",
      "resolved": "https://powerbi.pkgs.visualstudio.com/_packaging/PowerBIClients/npm/registry/dotenv/-/dotenv-16.6.1.tgz",
      "integrity": "sha1-dz8OaVJ6gxXHKF1e5zxEWdIKgCA=",
      "dev": true,
      "license": "BSD-2-Clause",
      "engines": {
        "node": ">=12"
      },
      "funding": {
        "url": "https://dotenvx.com"
      }
    },
    "node_modules/esbuild": {
      "version": "0.27.7",
      "resolved": "https://powerbi.pkgs.visualstudio.com/_packaging/PowerBIClients/npm/registry/esbuild/-/esbuild-0.27.7.tgz",
      "integrity": "sha1-vK3OIrLz/XbyV+OmT4OmSYb+oR8=",
      "dev": true,
      "hasInstallScript": true,
      "license": "MIT",
      "bin": {
        "esbuild": "bin/esbuild"
      },
      "engines": {
        "node": ">=18"
      },
      "optionalDependencies": {
        "@esbuild/aix-ppc64": "0.27.7",
        "@esbuild/android-arm": "0.27.7",
        "@esbuild/android-arm64": "0.27.7",
        "@esbuild/android-x64": "0.27.7",
        "@esbuild/darwin-arm64": "0.27.7",
        "@esbuild/darwin-x64": "0.27.7",
        "@esbuild/freebsd-arm64": "0.27.7",
        "@esbuild/freebsd-x64": "0.27.7",
        "@esbuild/linux-arm": "0.27.7",
        "@esbuild/linux-arm64": "0.27.7",
        "@esbuild/linux-ia32": "0.27.7",
        "@esbuild/linux-loong64": "0.27.7",
        "@esbuild/linux-mips64el": "0.27.7",
        "@esbuild/linux-ppc64": "0.27.7",
        "@esbuild/linux-riscv64": "0.27.7",
        "@esbuild/linux-s390x": "0.27.7",
        "@esbuild/linux-x64": "0.27.7",
        "@esbuild/netbsd-arm64": "0.27.7",
        "@esbuild/netbsd-x64": "0.27.7",
        "@esbuild/openbsd-arm64": "0.27.7",
        "@esbuild/openbsd-x64": "0.27.7",
        "@esbuild/openharmony-arm64": "0.27.7",
        "@esbuild/sunos-x64": "0.27.7",
        "@esbuild/win32-arm64": "0.27.7",
        "@esbuild/win32-ia32": "0.27.7",
        "@esbuild/win32-x64": "0.27.7"
      }
    },
    "node_modules/get-tsconfig": {
      "version": "4.14.0",
      "resolved": "https://powerbi.pkgs.visualstudio.com/_packaging/PowerBIClients/npm/registry/get-tsconfig/-/get-tsconfig-4.14.0.tgz",
      "integrity": "sha1-mF2FxSqZA4ZCgMzCRI1BP78e/tg=",
      "dev": true,
      "license": "MIT",
      "dependencies": {
        "resolve-pkg-maps": "^1.0.0"
      },
      "funding": {
        "url": "https://github.com/privatenumber/get-tsconfig?sponsor=1"
      }
    },
    "node_modules/playwright": {
      "version": "1.59.1",
      "resolved": "https://powerbi.pkgs.visualstudio.com/_packaging/PowerBIClients/npm/registry/playwright/-/playwright-1.59.1.tgz",
      "integrity": "sha1-97DKYWN64lJkzsNw32cbvh82iko=",
      "dev": true,
      "license": "Apache-2.0",
      "dependencies": {
        "playwright-core": "1.59.1"
      },
      "bin": {
        "playwright": "cli.js"
      },
      "engines": {
        "node": ">=18"
      },
      "optionalDependencies": {
        "fsevents": "2.3.2"
      }
    },
    "node_modules/playwright-core": {
      "version": "1.59.1",
      "resolved": "https://powerbi.pkgs.visualstudio.com/_packaging/PowerBIClients/npm/registry/playwright-core/-/playwright-core-1.59.1.tgz",
      "integrity": "sha1-2KKyi8uPK9CO89+TsCroPIEyRLI=",
      "dev": true,
      "license": "Apache-2.0",
      "bin": {
        "playwright-core": "cli.js"
      },
      "engines": {
        "node": ">=18"
      }
    },
    "node_modules/resolve-pkg-maps": {
      "version": "1.0.0",
      "resolved": "https://powerbi.pkgs.visualstudio.com/_packaging/PowerBIClients/npm/registry/resolve-pkg-maps/-/resolve-pkg-maps-1.0.0.tgz",
      "integrity": "sha1-YWs9wsVwVrVYjDHN9LPWTbEzcg8=",
      "dev": true,
      "license": "MIT",
      "funding": {
        "url": "https://github.com/privatenumber/resolve-pkg-maps?sponsor=1"
      }
    },
    "node_modules/tsx": {
      "version": "4.21.0",
      "resolved": "https://powerbi.pkgs.visualstudio.com/_packaging/PowerBIClients/npm/registry/tsx/-/tsx-4.21.0.tgz",
      "integrity": "sha1-Mqps8XSB4zb3Vhleb+BNrj5jCLE=",
      "dev": true,
      "license": "MIT",
      "dependencies": {
        "esbuild": "~0.27.0",
        "get-tsconfig": "^4.7.5"
      },
      "bin": {
        "tsx": "dist/cli.mjs"
      },
      "engines": {
        "node": ">=18.0.0"
      },
      "optionalDependencies": {
        "fsevents": "~2.3.3"
      }
    },
    "node_modules/typescript": {
      "version": "5.9.3",
      "resolved": "https://powerbi.pkgs.visualstudio.com/_packaging/PowerBIClients/npm/registry/typescript/-/typescript-5.9.3.tgz",
      "integrity": "sha1-W09Z4VMQqxeiFvXWz1PuR27eZw8=",
      "dev": true,
      "license": "Apache-2.0",
      "bin": {
        "tsc": "bin/tsc",
        "tsserver": "bin/tsserver"
      },
      "engines": {
        "node": ">=14.17"
      }
    },
    "node_modules/undici-types": {
      "version": "7.19.2",
      "resolved": "https://powerbi.pkgs.visualstudio.com/_packaging/PowerBIClients/npm/registry/undici-types/-/undici-types-7.19.2.tgz",
      "integrity": "sha1-G2f8JtDxV6DLo6WKW1weIna4uio=",
      "dev": true,
      "license": "MIT"
    }
  }
}
